// !$*UTF8*$!
{
	archiveVersion = 1;
	classes = {
	};
	objectVersion = 46;
	objects = {

/* Begin PBXBuildFile section */
		1D2CF09313DBEEFF005D4262 /* Growl.framework in Frameworks */ = {isa = PBXBuildFile; fileRef = 1D2CF09213DBEEFF005D4262 /* Growl.framework */; };
		1D2CF09413DC3136005D4262 /* Growl.framework in CopyFiles */ = {isa = PBXBuildFile; fileRef = 1D2CF09213DBEEFF005D4262 /* Growl.framework */; };
		1DB9B3CE13DC3CB900CEFBF7 /* NicoLiveAlert.icns in Resources */ = {isa = PBXBuildFile; fileRef = 1DB9B3CD13DC3CB900CEFBF7 /* NicoLiveAlert.icns */; };
		1DCF3EC413D5E61000CB48DD /* NicoLive.m in Sources */ = {isa = PBXBuildFile; fileRef = 1DCF3EC313D5E61000CB48DD /* NicoLive.m */; };
		1DCF3EC713D5E66200CB48DD /* SFKeychain.m in Sources */ = {isa = PBXBuildFile; fileRef = 1DCF3EC613D5E66200CB48DD /* SFKeychain.m */; };
		1DCF3ECA13D5E69F00CB48DD /* HTTPConnection.m in Sources */ = {isa = PBXBuildFile; fileRef = 1DCF3EC913D5E69F00CB48DD /* HTTPConnection.m */; };
		1DCF3ECD13D5E6CB00CB48DD /* SocketConnection.m in Sources */ = {isa = PBXBuildFile; fileRef = 1DCF3ECC13D5E6CB00CB48DD /* SocketConnection.m */; };
		1DCF3ED013D5E70100CB48DD /* NicoLiveProgram.m in Sources */ = {isa = PBXBuildFile; fileRef = 1DCF3ECF13D5E70100CB48DD /* NicoLiveProgram.m */; };
		1DCF3ED313D5E74B00CB48DD /* RegexKitLite.m in Sources */ = {isa = PBXBuildFile; fileRef = 1DCF3ED213D5E74B00CB48DD /* RegexKitLite.m */; };
		1DCF3ED513D5EA6100CB48DD /* Security.framework in Frameworks */ = {isa = PBXBuildFile; fileRef = 1DCF3ED413D5EA6100CB48DD /* Security.framework */; };
		1DCF3EE213D5EC8D00CB48DD /* SBIconHaveProg.png in Resources */ = {isa = PBXBuildFile; fileRef = 1DCF3EDB13D5EC8D00CB48DD /* SBIconHaveProg.png */; };
		1DCF3EE313D5EC8D00CB48DD /* SBIconNoProg.png in Resources */ = {isa = PBXBuildFile; fileRef = 1DCF3EDC13D5EC8D00CB48DD /* SBIconNoProg.png */; };
		1DCF3EE413D5EC8D00CB48DD /* SBIconProgAlt.png in Resources */ = {isa = PBXBuildFile; fileRef = 1DCF3EDD13D5EC8D00CB48DD /* SBIconProgAlt.png */; };
		1DCF3EE513D5EC8D00CB48DD /* SBIconRot1.png in Resources */ = {isa = PBXBuildFile; fileRef = 1DCF3EDE13D5EC8D00CB48DD /* SBIconRot1.png */; };
		1DCF3EE613D5EC8D00CB48DD /* SBIconRot2.png in Resources */ = {isa = PBXBuildFile; fileRef = 1DCF3EDF13D5EC8D00CB48DD /* SBIconRot2.png */; };
		1DCF3EE713D5EC8D00CB48DD /* TBIcon.png in Resources */ = {isa = PBXBuildFile; fileRef = 1DCF3EE013D5EC8D00CB48DD /* TBIcon.png */; };
		1DCF3EE813D5EC8D00CB48DD /* TBIconAlt.png in Resources */ = {isa = PBXBuildFile; fileRef = 1DCF3EE113D5EC8D00CB48DD /* TBIconAlt.png */; };
		1DE224B113D5E3CA008E2CAA /* Cocoa.framework in Frameworks */ = {isa = PBXBuildFile; fileRef = 1DE224B013D5E3CA008E2CAA /* Cocoa.framework */; };
		1DE224BB13D5E3CA008E2CAA /* InfoPlist.strings in Resources */ = {isa = PBXBuildFile; fileRef = 1DE224B913D5E3CA008E2CAA /* InfoPlist.strings */; };
		1DE224BE13D5E3CA008E2CAA /* main.m in Sources */ = {isa = PBXBuildFile; fileRef = 1DE224BD13D5E3CA008E2CAA /* main.m */; };
		1DE224C113D5E3CA008E2CAA /* Credits.rtf in Resources */ = {isa = PBXBuildFile; fileRef = 1DE224BF13D5E3CA008E2CAA /* Credits.rtf */; };
		1DE224C413D5E3CA008E2CAA /* NicoLiveAlertAppDelegate.m in Sources */ = {isa = PBXBuildFile; fileRef = 1DE224C313D5E3CA008E2CAA /* NicoLiveAlertAppDelegate.m */; };
		1DE224C713D5E3CB008E2CAA /* MainMenu.xib in Resources */ = {isa = PBXBuildFile; fileRef = 1DE224C513D5E3CB008E2CAA /* MainMenu.xib */; };
		1DE28E8E13D6172F0004E82E /* Growl Registration Ticket.growlRegDict in Resources */ = {isa = PBXBuildFile; fileRef = 1DE28E8C13D6172F0004E82E /* Growl Registration Ticket.growlRegDict */; };
		1DE28E8F13D6172F0004E82E /* UserDefaults.plist in Resources */ = {isa = PBXBuildFile; fileRef = 1DE28E8D13D6172F0004E82E /* UserDefaults.plist */; };
		1DE28E9613D619B40004E82E /* Localizable.strings in Resources */ = {isa = PBXBuildFile; fileRef = 1DE28E9413D619B40004E82E /* Localizable.strings */; };
		1DE28E9813D619C50004E82E /* Localizable.strings in Resources */ = {isa = PBXBuildFile; fileRef = 1DE28E9413D619B40004E82E /* Localizable.strings */; };
/* End PBXBuildFile section */

/* Begin PBXCopyFilesBuildPhase section */
		1DCF3ED813D5EA9900CB48DD /* CopyFiles */ = {
			isa = PBXCopyFilesBuildPhase;
			buildActionMask = 12;
			dstPath = "";
			dstSubfolderSpec = 10;
			files = (
				1D2CF09413DC3136005D4262 /* Growl.framework in CopyFiles */,
			);
			runOnlyForDeploymentPostprocessing = 0;
		};
/* End PBXCopyFilesBuildPhase section */

/* Begin PBXFileReference section */
		1D2CF09213DBEEFF005D4262 /* Growl.framework */ = {isa = PBXFileReference; lastKnownFileType = wrapper.framework; name = Growl.framework; path = NicoLiveAlert/Growl.framework; sourceTree = "<group>"; };
		1DB9B3CD13DC3CB900CEFBF7 /* NicoLiveAlert.icns */ = {isa = PBXFileReference; lastKnownFileType = image.icns; path = NicoLiveAlert.icns; sourceTree = SOURCE_ROOT; };
		1DCF3EC213D5E61000CB48DD /* NicoLive.h */ = {isa = PBXFileReference; fileEncoding = 4; lastKnownFileType = sourcecode.c.h; name = NicoLive.h; path = NicoLive/NicoLive.h; sourceTree = "<group>"; };
		1DCF3EC313D5E61000CB48DD /* NicoLive.m */ = {isa = PBXFileReference; fileEncoding = 4; lastKnownFileType = sourcecode.c.objc; name = NicoLive.m; path = NicoLive/NicoLive.m; sourceTree = "<group>"; };
		1DCF3EC513D5E66200CB48DD /* SFKeychain.h */ = {isa = PBXFileReference; fileEncoding = 4; lastKnownFileType = sourcecode.c.h; name = SFKeychain.h; path = Security/SFKeychain.h; sourceTree = "<group>"; };
		1DCF3EC613D5E66200CB48DD /* SFKeychain.m */ = {isa = PBXFileReference; fileEncoding = 4; lastKnownFileType = sourcecode.c.objc; name = SFKeychain.m; path = Security/SFKeychain.m; sourceTree = "<group>"; };
		1DCF3EC813D5E69F00CB48DD /* HTTPConnection.h */ = {isa = PBXFileReference; fileEncoding = 4; lastKnownFileType = sourcecode.c.h; name = HTTPConnection.h; path = Networking/HTTPConnection.h; sourceTree = "<group>"; };
		1DCF3EC913D5E69F00CB48DD /* HTTPConnection.m */ = {isa = PBXFileReference; fileEncoding = 4; lastKnownFileType = sourcecode.c.objc; name = HTTPConnection.m; path = Networking/HTTPConnection.m; sourceTree = "<group>"; };
		1DCF3ECB13D5E6CB00CB48DD /* SocketConnection.h */ = {isa = PBXFileReference; fileEncoding = 4; lastKnownFileType = sourcecode.c.h; name = SocketConnection.h; path = Networking/SocketConnection.h; sourceTree = "<group>"; };
		1DCF3ECC13D5E6CB00CB48DD /* SocketConnection.m */ = {isa = PBXFileReference; fileEncoding = 4; lastKnownFileType = sourcecode.c.objc; name = SocketConnection.m; path = Networking/SocketConnection.m; sourceTree = "<group>"; };
		1DCF3ECE13D5E70100CB48DD /* NicoLiveProgram.h */ = {isa = PBXFileReference; fileEncoding = 4; lastKnownFileType = sourcecode.c.h; name = NicoLiveProgram.h; path = NicoLive/NicoLiveProgram.h; sourceTree = "<group>"; };
		1DCF3ECF13D5E70100CB48DD /* NicoLiveProgram.m */ = {isa = PBXFileReference; fileEncoding = 4; lastKnownFileType = sourcecode.c.objc; name = NicoLiveProgram.m; path = NicoLive/NicoLiveProgram.m; sourceTree = "<group>"; };
		1DCF3ED113D5E74B00CB48DD /* RegexKitLite.h */ = {isa = PBXFileReference; fileEncoding = 4; lastKnownFileType = sourcecode.c.h; name = RegexKitLite.h; path = RegexKitLite/RegexKitLite.h; sourceTree = "<group>"; };
		1DCF3ED213D5E74B00CB48DD /* RegexKitLite.m */ = {isa = PBXFileReference; fileEncoding = 4; lastKnownFileType = sourcecode.c.objc; name = RegexKitLite.m; path = RegexKitLite/RegexKitLite.m; sourceTree = "<group>"; };
		1DCF3ED413D5EA6100CB48DD /* Security.framework */ = {isa = PBXFileReference; lastKnownFileType = wrapper.framework; name = Security.framework; path = System/Library/Frameworks/Security.framework; sourceTree = SDKROOT; };
		1DCF3EDA13D5EB5200CB48DD /* NicoLiveAlertDefinitions.h */ = {isa = PBXFileReference; fileEncoding = 4; lastKnownFileType = sourcecode.c.h; path = NicoLiveAlertDefinitions.h; sourceTree = "<group>"; };
		1DCF3EDB13D5EC8D00CB48DD /* SBIconHaveProg.png */ = {isa = PBXFileReference; lastKnownFileType = image.png; name = SBIconHaveProg.png; path = Images/SBIconHaveProg.png; sourceTree = "<group>"; };
		1DCF3EDC13D5EC8D00CB48DD /* SBIconNoProg.png */ = {isa = PBXFileReference; lastKnownFileType = image.png; name = SBIconNoProg.png; path = Images/SBIconNoProg.png; sourceTree = "<group>"; };
		1DCF3EDD13D5EC8D00CB48DD /* SBIconProgAlt.png */ = {isa = PBXFileReference; lastKnownFileType = image.png; name = SBIconProgAlt.png; path = Images/SBIconProgAlt.png; sourceTree = "<group>"; };
		1DCF3EDE13D5EC8D00CB48DD /* SBIconRot1.png */ = {isa = PBXFileReference; lastKnownFileType = image.png; name = SBIconRot1.png; path = Images/SBIconRot1.png; sourceTree = "<group>"; };
		1DCF3EDF13D5EC8D00CB48DD /* SBIconRot2.png */ = {isa = PBXFileReference; lastKnownFileType = image.png; name = SBIconRot2.png; path = Images/SBIconRot2.png; sourceTree = "<group>"; };
		1DCF3EE013D5EC8D00CB48DD /* TBIcon.png */ = {isa = PBXFileReference; lastKnownFileType = image.png; name = TBIcon.png; path = Images/TBIcon.png; sourceTree = "<group>"; };
		1DCF3EE113D5EC8D00CB48DD /* TBIconAlt.png */ = {isa = PBXFileReference; lastKnownFileType = image.png; name = TBIconAlt.png; path = Images/TBIconAlt.png; sourceTree = "<group>"; };
		1DE224AC13D5E3CA008E2CAA /* NicoLiveAlert.app */ = {isa = PBXFileReference; explicitFileType = wrapper.application; includeInIndex = 0; path = NicoLiveAlert.app; sourceTree = BUILT_PRODUCTS_DIR; };
		1DE224B013D5E3CA008E2CAA /* Cocoa.framework */ = {isa = PBXFileReference; lastKnownFileType = wrapper.framework; name = Cocoa.framework; path = System/Library/Frameworks/Cocoa.framework; sourceTree = SDKROOT; };
		1DE224B313D5E3CA008E2CAA /* AppKit.framework */ = {isa = PBXFileReference; lastKnownFileType = wrapper.framework; name = AppKit.framework; path = System/Library/Frameworks/AppKit.framework; sourceTree = SDKROOT; };
		1DE224B413D5E3CA008E2CAA /* CoreData.framework */ = {isa = PBXFileReference; lastKnownFileType = wrapper.framework; name = CoreData.framework; path = System/Library/Frameworks/CoreData.framework; sourceTree = SDKROOT; };
		1DE224B513D5E3CA008E2CAA /* Foundation.framework */ = {isa = PBXFileReference; lastKnownFileType = wrapper.framework; name = Foundation.framework; path = System/Library/Frameworks/Foundation.framework; sourceTree = SDKROOT; };
		1DE224B813D5E3CA008E2CAA /* NicoLiveAlert-Info.plist */ = {isa = PBXFileReference; lastKnownFileType = text.plist.xml; path = "NicoLiveAlert-Info.plist"; sourceTree = "<group>"; };
		1DE224BA13D5E3CA008E2CAA /* en */ = {isa = PBXFileReference; lastKnownFileType = text.plist.strings; name = en; path = en.lproj/InfoPlist.strings; sourceTree = "<group>"; };
		1DE224BC13D5E3CA008E2CAA /* NicoLiveAlert-Prefix.pch */ = {isa = PBXFileReference; lastKnownFileType = sourcecode.c.h; path = "NicoLiveAlert-Prefix.pch"; sourceTree = "<group>"; };
		1DE224BD13D5E3CA008E2CAA /* main.m */ = {isa = PBXFileReference; lastKnownFileType = sourcecode.c.objc; path = main.m; sourceTree = "<group>"; };
		1DE224C013D5E3CA008E2CAA /* en */ = {isa = PBXFileReference; lastKnownFileType = text.rtf; name = en; path = en.lproj/Credits.rtf; sourceTree = "<group>"; };
		1DE224C213D5E3CA008E2CAA /* NicoLiveAlertAppDelegate.h */ = {isa = PBXFileReference; lastKnownFileType = sourcecode.c.h; path = NicoLiveAlertAppDelegate.h; sourceTree = "<group>"; };
		1DE224C313D5E3CA008E2CAA /* NicoLiveAlertAppDelegate.m */ = {isa = PBXFileReference; lastKnownFileType = sourcecode.c.objc; path = NicoLiveAlertAppDelegate.m; sourceTree = "<group>"; };
		1DE224C613D5E3CB008E2CAA /* en */ = {isa = PBXFileReference; lastKnownFileType = file.xib; name = en; path = en.lproj/MainMenu.xib; sourceTree = "<group>"; };
		1DE28E8C13D6172F0004E82E /* Growl Registration Ticket.growlRegDict */ = {isa = PBXFileReference; fileEncoding = 4; lastKnownFileType = text.xml; path = "Growl Registration Ticket.growlRegDict"; sourceTree = "<group>"; };
		1DE28E8D13D6172F0004E82E /* UserDefaults.plist */ = {isa = PBXFileReference; lastKnownFileType = file.bplist; path = UserDefaults.plist; sourceTree = "<group>"; };
		1DE28E9513D619B40004E82E /* en */ = {isa = PBXFileReference; lastKnownFileType = text.plist.strings; name = en; path = en.lproj/Localizable.strings; sourceTree = "<group>"; };
		1DE28E9713D619C50004E82E /* ja */ = {isa = PBXFileReference; lastKnownFileType = text.plist.strings; name = ja; path = ja.lproj/Localizable.strings; sourceTree = "<group>"; };
/* End PBXFileReference section */

/* Begin PBXFrameworksBuildPhase section */
		1DE224A913D5E3CA008E2CAA /* Frameworks */ = {
			isa = PBXFrameworksBuildPhase;
			buildActionMask = 2147483647;
			files = (
				1DE224B113D5E3CA008E2CAA /* Cocoa.framework in Frameworks */,
				1DCF3ED513D5EA6100CB48DD /* Security.framework in Frameworks */,
				1D2CF09313DBEEFF005D4262 /* Growl.framework in Frameworks */,
			);
			runOnlyForDeploymentPostprocessing = 0;
		};
/* End PBXFrameworksBuildPhase section */

/* Begin PBXGroup section */
		1DCF3EB413D5E4AF00CB48DD /* NicoLive */ = {
			isa = PBXGroup;
			children = (
				1DCF3EC213D5E61000CB48DD /* NicoLive.h */,
				1DCF3EC313D5E61000CB48DD /* NicoLive.m */,
				1DCF3ECE13D5E70100CB48DD /* NicoLiveProgram.h */,
				1DCF3ECF13D5E70100CB48DD /* NicoLiveProgram.m */,
			);
			name = NicoLive;
			sourceTree = "<group>";
		};
		1DCF3EBE13D5E4EF00CB48DD /* Security */ = {
			isa = PBXGroup;
			children = (
				1DCF3EC513D5E66200CB48DD /* SFKeychain.h */,
				1DCF3EC613D5E66200CB48DD /* SFKeychain.m */,
			);
			name = Security;
			sourceTree = "<group>";
		};
		1DCF3EBF13D5E50800CB48DD /* RegexKitLite */ = {
			isa = PBXGroup;
			children = (
				1DCF3ED113D5E74B00CB48DD /* RegexKitLite.h */,
				1DCF3ED213D5E74B00CB48DD /* RegexKitLite.m */,
			);
			name = RegexKitLite;
			sourceTree = "<group>";
		};
		1DCF3EC013D5E52200CB48DD /* Images */ = {
			isa = PBXGroup;
			children = (
				1DB9B3CD13DC3CB900CEFBF7 /* NicoLiveAlert.icns */,
				1DCF3EDB13D5EC8D00CB48DD /* SBIconHaveProg.png */,
				1DCF3EDC13D5EC8D00CB48DD /* SBIconNoProg.png */,
				1DCF3EDD13D5EC8D00CB48DD /* SBIconProgAlt.png */,
				1DCF3EDE13D5EC8D00CB48DD /* SBIconRot1.png */,
				1DCF3EDF13D5EC8D00CB48DD /* SBIconRot2.png */,
				1DCF3EE013D5EC8D00CB48DD /* TBIcon.png */,
				1DCF3EE113D5EC8D00CB48DD /* TBIconAlt.png */,
			);
			name = Images;
			sourceTree = "<group>";
		};
		1DCF3EC113D5E5AD00CB48DD /* Networking */ = {
			isa = PBXGroup;
			children = (
				1DCF3EC813D5E69F00CB48DD /* HTTPConnection.h */,
				1DCF3EC913D5E69F00CB48DD /* HTTPConnection.m */,
				1DCF3ECB13D5E6CB00CB48DD /* SocketConnection.h */,
				1DCF3ECC13D5E6CB00CB48DD /* SocketConnection.m */,
			);
			name = Networking;
			sourceTree = "<group>";
		};
		1DE224A113D5E3CA008E2CAA = {
			isa = PBXGroup;
			children = (
				1DE224B613D5E3CA008E2CAA /* NicoLiveAlert */,
				1DE224AF13D5E3CA008E2CAA /* Frameworks */,
				1DE224AD13D5E3CA008E2CAA /* Products */,
			);
			sourceTree = "<group>";
		};
		1DE224AD13D5E3CA008E2CAA /* Products */ = {
			isa = PBXGroup;
			children = (
				1DE224AC13D5E3CA008E2CAA /* NicoLiveAlert.app */,
			);
			name = Products;
			sourceTree = "<group>";
		};
		1DE224AF13D5E3CA008E2CAA /* Frameworks */ = {
			isa = PBXGroup;
			children = (
				1D2CF09213DBEEFF005D4262 /* Growl.framework */,
				1DE224B013D5E3CA008E2CAA /* Cocoa.framework */,
				1DE224B213D5E3CA008E2CAA /* Other Frameworks */,
			);
			name = Frameworks;
			sourceTree = "<group>";
		};
		1DE224B213D5E3CA008E2CAA /* Other Frameworks */ = {
			isa = PBXGroup;
			children = (
				1DCF3ED413D5EA6100CB48DD /* Security.framework */,
				1DE224B313D5E3CA008E2CAA /* AppKit.framework */,
				1DE224B413D5E3CA008E2CAA /* CoreData.framework */,
				1DE224B513D5E3CA008E2CAA /* Foundation.framework */,
			);
			name = "Other Frameworks";
			sourceTree = "<group>";
		};
		1DE224B613D5E3CA008E2CAA /* NicoLiveAlert */ = {
			isa = PBXGroup;
			children = (
				1DCF3EB413D5E4AF00CB48DD /* NicoLive */,
				1DCF3EC113D5E5AD00CB48DD /* Networking */,
				1DCF3EBE13D5E4EF00CB48DD /* Security */,
				1DCF3EBF13D5E50800CB48DD /* RegexKitLite */,
				1DCF3EDA13D5EB5200CB48DD /* NicoLiveAlertDefinitions.h */,
				1DE224C213D5E3CA008E2CAA /* NicoLiveAlertAppDelegate.h */,
				1DE224C313D5E3CA008E2CAA /* NicoLiveAlertAppDelegate.m */,
				1DE224C513D5E3CB008E2CAA /* MainMenu.xib */,
				1DE28E9413D619B40004E82E /* Localizable.strings */,
				1DE224B713D5E3CA008E2CAA /* Supporting Files */,
				1DCF3EC013D5E52200CB48DD /* Images */,
			);
			path = NicoLiveAlert;
			sourceTree = "<group>";
		};
		1DE224B713D5E3CA008E2CAA /* Supporting Files */ = {
			isa = PBXGroup;
			children = (
				1DE28E8C13D6172F0004E82E /* Growl Registration Ticket.growlRegDict */,
				1DE28E8D13D6172F0004E82E /* UserDefaults.plist */,
				1DE224B813D5E3CA008E2CAA /* NicoLiveAlert-Info.plist */,
				1DE224B913D5E3CA008E2CAA /* InfoPlist.strings */,
				1DE224BC13D5E3CA008E2CAA /* NicoLiveAlert-Prefix.pch */,
				1DE224BD13D5E3CA008E2CAA /* main.m */,
				1DE224BF13D5E3CA008E2CAA /* Credits.rtf */,
			);
			name = "Supporting Files";
			sourceTree = "<group>";
		};
/* End PBXGroup section */

/* Begin PBXNativeTarget section */
		1DE224AB13D5E3CA008E2CAA /* NicoLiveAlert */ = {
			isa = PBXNativeTarget;
			buildConfigurationList = 1DE224CA13D5E3CB008E2CAA /* Build configuration list for PBXNativeTarget "NicoLiveAlert" */;
			buildPhases = (
				1DE224A813D5E3CA008E2CAA /* Sources */,
				1DE224A913D5E3CA008E2CAA /* Frameworks */,
				1DE224AA13D5E3CA008E2CAA /* Resources */,
				1DCF3ED813D5EA9900CB48DD /* CopyFiles */,
			);
			buildRules = (
			);
			dependencies = (
			);
			name = NicoLiveAlert;
			productName = NicoLiveAlert;
			productReference = 1DE224AC13D5E3CA008E2CAA /* NicoLiveAlert.app */;
			productType = "com.apple.product-type.application";
		};
/* End PBXNativeTarget section */

/* Begin PBXProject section */
		1DE224A313D5E3CA008E2CAA /* Project object */ = {
			isa = PBXProject;
			attributes = {
				ORGANIZATIONNAME = n/a;
			};
			buildConfigurationList = 1DE224A613D5E3CA008E2CAA /* Build configuration list for PBXProject "NicoLiveAlert" */;
			compatibilityVersion = "Xcode 3.2";
			developmentRegion = English;
			hasScannedForEncodings = 0;
			knownRegions = (
				en,
				ja,
			);
			mainGroup = 1DE224A113D5E3CA008E2CAA;
			productRefGroup = 1DE224AD13D5E3CA008E2CAA /* Products */;
			projectDirPath = "";
			projectRoot = "";
			targets = (
				1DE224AB13D5E3CA008E2CAA /* NicoLiveAlert */,
			);
		};
/* End PBXProject section */

/* Begin PBXResourcesBuildPhase section */
		1DE224AA13D5E3CA008E2CAA /* Resources */ = {
			isa = PBXResourcesBuildPhase;
			buildActionMask = 2147483647;
			files = (
				1DE224BB13D5E3CA008E2CAA /* InfoPlist.strings in Resources */,
				1DE224C113D5E3CA008E2CAA /* Credits.rtf in Resources */,
				1DE224C713D5E3CB008E2CAA /* MainMenu.xib in Resources */,
				1DCF3EE213D5EC8D00CB48DD /* SBIconHaveProg.png in Resources */,
				1DCF3EE313D5EC8D00CB48DD /* SBIconNoProg.png in Resources */,
				1DCF3EE413D5EC8D00CB48DD /* SBIconProgAlt.png in Resources */,
				1DCF3EE513D5EC8D00CB48DD /* SBIconRot1.png in Resources */,
				1DCF3EE613D5EC8D00CB48DD /* SBIconRot2.png in Resources */,
				1DCF3EE713D5EC8D00CB48DD /* TBIcon.png in Resources */,
				1DCF3EE813D5EC8D00CB48DD /* TBIconAlt.png in Resources */,
				1DE28E8E13D6172F0004E82E /* Growl Registration Ticket.growlRegDict in Resources */,
				1DE28E8F13D6172F0004E82E /* UserDefaults.plist in Resources */,
				1DE28E9613D619B40004E82E /* Localizable.strings in Resources */,
				1DE28E9813D619C50004E82E /* Localizable.strings in Resources */,
				1DB9B3CE13DC3CB900CEFBF7 /* NicoLiveAlert.icns in Resources */,
			);
			runOnlyForDeploymentPostprocessing = 0;
		};
/* End PBXResourcesBuildPhase section */

/* Begin PBXSourcesBuildPhase section */
		1DE224A813D5E3CA008E2CAA /* Sources */ = {
			isa = PBXSourcesBuildPhase;
			buildActionMask = 2147483647;
			files = (
				1DE224BE13D5E3CA008E2CAA /* main.m in Sources */,
				1DE224C413D5E3CA008E2CAA /* NicoLiveAlertAppDelegate.m in Sources */,
				1DCF3EC413D5E61000CB48DD /* NicoLive.m in Sources */,
				1DCF3EC713D5E66200CB48DD /* SFKeychain.m in Sources */,
				1DCF3ECA13D5E69F00CB48DD /* HTTPConnection.m in Sources */,
				1DCF3ECD13D5E6CB00CB48DD /* SocketConnection.m in Sources */,
				1DCF3ED013D5E70100CB48DD /* NicoLiveProgram.m in Sources */,
				1DCF3ED313D5E74B00CB48DD /* RegexKitLite.m in Sources */,
			);
			runOnlyForDeploymentPostprocessing = 0;
		};
/* End PBXSourcesBuildPhase section */

/* Begin PBXVariantGroup section */
		1DE224B913D5E3CA008E2CAA /* InfoPlist.strings */ = {
			isa = PBXVariantGroup;
			children = (
				1DE224BA13D5E3CA008E2CAA /* en */,
			);
			name = InfoPlist.strings;
			sourceTree = "<group>";
		};
		1DE224BF13D5E3CA008E2CAA /* Credits.rtf */ = {
			isa = PBXVariantGroup;
			children = (
				1DE224C013D5E3CA008E2CAA /* en */,
			);
			name = Credits.rtf;
			sourceTree = "<group>";
		};
		1DE224C513D5E3CB008E2CAA /* MainMenu.xib */ = {
			isa = PBXVariantGroup;
			children = (
				1DE224C613D5E3CB008E2CAA /* en */,
			);
			name = MainMenu.xib;
			sourceTree = "<group>";
		};
		1DE28E9413D619B40004E82E /* Localizable.strings */ = {
			isa = PBXVariantGroup;
			children = (
				1DE28E9513D619B40004E82E /* en */,
				1DE28E9713D619C50004E82E /* ja */,
			);
			name = Localizable.strings;
			sourceTree = "<group>";
		};
/* End PBXVariantGroup section */

/* Begin XCBuildConfiguration section */
		1DE224C813D5E3CB008E2CAA /* Debug */ = {
			isa = XCBuildConfiguration;
			buildSettings = {
				ARCHS = "$(ARCHS_STANDARD_32_64_BIT)";
				GCC_C_LANGUAGE_STANDARD = gnu99;
				GCC_OPTIMIZATION_LEVEL = 0;
				GCC_PREPROCESSOR_DEFINITIONS = DEBUG;
				GCC_SYMBOLS_PRIVATE_EXTERN = NO;
				GCC_VERSION = com.apple.compilers.llvm.clang.1_0;
				GCC_WARN_64_TO_32_BIT_CONVERSION = YES;
				GCC_WARN_ABOUT_RETURN_TYPE = YES;
				GCC_WARN_UNUSED_VARIABLE = YES;
				MACOSX_DEPLOYMENT_TARGET = 10.6;
				ONLY_ACTIVE_ARCH = YES;
				SDKROOT = macosx;
			};
			name = Debug;
		};
		1DE224C913D5E3CB008E2CAA /* Release */ = {
			isa = XCBuildConfiguration;
			buildSettings = {
				ARCHS = "$(ARCHS_STANDARD_32_64_BIT)";
				GCC_C_LANGUAGE_STANDARD = gnu99;
				GCC_VERSION = com.apple.compilers.llvm.clang.1_0;
				GCC_WARN_64_TO_32_BIT_CONVERSION = YES;
				GCC_WARN_ABOUT_RETURN_TYPE = YES;
				GCC_WARN_UNUSED_VARIABLE = YES;
				MACOSX_DEPLOYMENT_TARGET = 10.6;
				SDKROOT = macosx;
			};
			name = Release;
		};
		1DE224CB13D5E3CB008E2CAA /* Debug */ = {
			isa = XCBuildConfiguration;
			buildSettings = {
				ALWAYS_SEARCH_USER_PATHS = NO;
				COPY_PHASE_STRIP = NO;
				FRAMEWORK_SEARCH_PATHS = (
					"$(inherited)",
					"\"$(SRCROOT)/NicoLiveAlert\"",
				);
				GCC_DYNAMIC_NO_PIC = NO;
				GCC_ENABLE_OBJC_EXCEPTIONS = YES;
				GCC_ENABLE_OBJC_GC = supported;
				GCC_PRECOMPILE_PREFIX_HEADER = YES;
				GCC_PREFIX_HEADER = "NicoLiveAlert/NicoLiveAlert-Prefix.pch";
				HEADER_SEARCH_PATHS = "\"$(SRCROOT)/NicoLiveAlert/Growl.framework\"/**";
				INFOPLIST_FILE = "NicoLiveAlert/NicoLiveAlert-Info.plist";
				OTHER_LDFLAGS = "-licucore";
				PRODUCT_NAME = "$(TARGET_NAME)";
				SDKROOT = macosx10.6;
				WRAPPER_EXTENSION = app;
			};
			name = Debug;
		};
		1DE224CC13D5E3CB008E2CAA /* Release */ = {
			isa = XCBuildConfiguration;
			buildSettings = {
				ALWAYS_SEARCH_USER_PATHS = NO;
				COPY_PHASE_STRIP = YES;
				DEBUG_INFORMATION_FORMAT = "dwarf-with-dsym";
				FRAMEWORK_SEARCH_PATHS = (
					"$(inherited)",
					"\"$(SRCROOT)/NicoLiveAlert\"",
				);
				GCC_ENABLE_OBJC_EXCEPTIONS = YES;
				GCC_ENABLE_OBJC_GC = supported;
				GCC_PRECOMPILE_PREFIX_HEADER = YES;
				GCC_PREFIX_HEADER = "NicoLiveAlert/NicoLiveAlert-Prefix.pch";
				HEADER_SEARCH_PATHS = "\"$(SRCROOT)/NicoLiveAlert/Growl.framework\"/**";
				INFOPLIST_FILE = "NicoLiveAlert/NicoLiveAlert-Info.plist";
				OTHER_LDFLAGS = "-licucore";
				PRODUCT_NAME = "$(TARGET_NAME)";
				SDKROOT = macosx10.6;
				WRAPPER_EXTENSION = app;
			};
			name = Release;
		};
/* End XCBuildConfiguration section */

/* Begin XCConfigurationList section */
		1DE224A613D5E3CA008E2CAA /* Build configuration list for PBXProject "NicoLiveAlert" */ = {
			isa = XCConfigurationList;
			buildConfigurations = (
				1DE224C813D5E3CB008E2CAA /* Debug */,
				1DE224C913D5E3CB008E2CAA /* Release */,
			);
			defaultConfigurationIsVisible = 0;
			defaultConfigurationName = Release;
		};
		1DE224CA13D5E3CB008E2CAA /* Build configuration list for PBXNativeTarget "NicoLiveAlert" */ = {
			isa = XCConfigurationList;
			buildConfigurations = (
				1DE224CB13D5E3CB008E2CAA /* Debug */,
				1DE224CC13D5E3CB008E2CAA /* Release */,
			);
			defaultConfigurationIsVisible = 0;
			defaultConfigurationName = Release;
		};
/* End XCConfigurationList section */
	};
	rootObject = 1DE224A313D5E3CA008E2CAA /* Project object */;
}
